
Microsoft Visual Studio Solution File, Format Version 12.00
# Visual Studio Version 16
VisualStudioVersion = 16.0.31729.503
MinimumVisualStudioVersion = 10.0.40219.1
Project("{FAE04EC0-301F-11D3-BF4B-00C04F79EFBC}") = "UC6_emp", "UC6_emp\UC6_emp.csproj", "{8F834695-FF19-457E-BD8E-C06CB5E3D2A5}"
EndProject
Global
	GlobalSection(SolutionConfigurationPlatforms) = preSolution
		Debug|Any CPU = Debug|Any CPU
		Release|Any CPU = Release|Any CPU
	EndGlobalSection
	GlobalSection(ProjectConfigurationPlatforms) = postSolution
		{8F834695-FF19-457E-BD8E-C06CB5E3D2A5}.Debug|Any CPU.ActiveCfg = Debug|Any CPU
		{8F834695-FF19-457E-BD8E-C06CB5E3D2A5}.Debug|Any CPU.Build.0 = Debug|Any CPU
		{8F834695-FF19-457E-BD8E-C06CB5E3D2A5}.Release|Any CPU.ActiveCfg = Release|Any CPU
		{8F834695-FF19-457E-BD8E-C06CB5E3D2A5}.Release|Any CPU.Build.0 = Release|Any CPU
	EndGlobalSection
	GlobalSection(SolutionProperties) = preSolution
		HideSolutionNode = FALSE
	EndGlobalSection
	GlobalSection(ExtensibilityGlobals) = postSolution
		SolutionGuid = {BDD69F1A-22C5-46BA-81AC-1FD9B551B94D}
	EndGlobalSection
EndGlobal
